
Microsoft Visual Studio Solution File, Format Version 12.00
# Visual Studio Version 16
VisualStudioVersion = 16.0.30011.22
MinimumVisualStudioVersion = 10.0.40219.1
Project("{FAE04EC0-301F-11D3-BF4B-00C04F79EFBC}") = "CountDownk'Nload", "CountDownk'Nload\CountDownk'Nload.csproj", "{49A09CD7-5858-486F-971B-A7E0D8B7FEE4}"
EndProject
Global
	GlobalSection(SolutionConfigurationPlatforms) = preSolution
		Debug|Any CPU = Debug|Any CPU
		Release|Any CPU = Release|Any CPU
	EndGlobalSection
	GlobalSection(ProjectConfigurationPlatforms) = postSolution
		{49A09CD7-5858-486F-971B-A7E0D8B7FEE4}.Debug|Any CPU.ActiveCfg = Debug|Any CPU
		{49A09CD7-5858-486F-971B-A7E0D8B7FEE4}.Debug|Any CPU.Build.0 = Debug|Any CPU
		{49A09CD7-5858-486F-971B-A7E0D8B7FEE4}.Release|Any CPU.ActiveCfg = Release|Any CPU
		{49A09CD7-5858-486F-971B-A7E0D8B7FEE4}.Release|Any CPU.Build.0 = Release|Any CPU
	EndGlobalSection
	GlobalSection(SolutionProperties) = preSolution
		HideSolutionNode = FALSE
	EndGlobalSection
	GlobalSection(ExtensibilityGlobals) = postSolution
		SolutionGuid = {A74B8FE7-6A20-417F-9D75-FB7618DD9D35}
	EndGlobalSection
EndGlobal
